
Microsoft Visual Studio Solution File, Format Version 12.00
Project("{2150E333-8FDC-42A3-9474-1A3956D46DE8}") = "Modules", "Modules", "{BFEFB882-5EBB-4CE6-9F02-869B10C5B2A3}"
EndProject
Project("{2150E333-8FDC-42A3-9474-1A3956D46DE8}") = "Bootstrapper", "Bootstrapper", "{33A58F3D-3DCB-4EBF-AE36-199E3B12A1D6}"
EndProject
Project("{2150E333-8FDC-42A3-9474-1A3956D46DE8}") = "Src", "Src", "{0FF07E46-4BE6-4B71-A160-7A188AB1F119}"
EndProject
Project("{2150E333-8FDC-42A3-9474-1A3956D46DE8}") = "Users", "Users", "{418201BB-3F1F-414E-A468-603C8A764B4C}"
EndProject
Project("{2150E333-8FDC-42A3-9474-1A3956D46DE8}") = "Shared", "Shared", "{53037BE2-91B0-486F-A113-17F0D956F32F}"
EndProject
Project("{2150E333-8FDC-42A3-9474-1A3956D46DE8}") = "DomainDrivenDesign", "DomainDrivenDesign", "{B8332C62-C172-42C2-81CB-0B020ECA5E24}"
EndProject
Project("{2150E333-8FDC-42A3-9474-1A3956D46DE8}") = "Infrastructure", "Infrastructure", "{E9130234-D9E0-43C0-A91A-DC135F7DEF3D}"
EndProject
Project("{2150E333-8FDC-42A3-9474-1A3956D46DE8}") = "Emails", "Emails", "{3CC204EA-5654-4B42-9863-271E0A9099CB}"
EndProject
Project("{2150E333-8FDC-42A3-9474-1A3956D46DE8}") = "Abstractions", "Abstractions", "{9010E474-6B9C-4DF5-81F1-6D187837495E}"
EndProject
Project("{2150E333-8FDC-42A3-9474-1A3956D46DE8}") = "Services", "Services", "{CE927331-FFEE-4C0B-B073-5A15D4779AC3}"
EndProject
Project("{2150E333-8FDC-42A3-9474-1A3956D46DE8}") = "Docs", "Docs", "{2467FD81-5348-4E16-9744-501AA4AE3DF2}"
EndProject
Project("{2150E333-8FDC-42A3-9474-1A3956D46DE8}") = "Architecture", "Architecture", "{11F86752-A7D7-4EBB-9C9E-4B893506EC17}"
EndProject
Project("{2150E333-8FDC-42A3-9474-1A3956D46DE8}") = "C4", "C4", "{5262984E-25B8-47CE-BE33-57E76F7EC3DD}"
EndProject
Project("{2150E333-8FDC-42A3-9474-1A3956D46DE8}") = "Valuations", "Valuations", "{D8C07E63-3DAE-4497-9D41-D5E89C571357}"
EndProject
Project("{2150E333-8FDC-42A3-9474-1A3956D46DE8}") = "Orders", "Orders", "{4C4D5CB4-7F47-4BFB-9EC7-B08E7455A662}"
EndProject
Project("{2150E333-8FDC-42A3-9474-1A3956D46DE8}") = "Cart", "Cart", "{8B16304A-56C8-4225-BFA8-16967AA75836}"
EndProject
Project("{2150E333-8FDC-42A3-9474-1A3956D46DE8}") = "Tests", "Tests", "{6F31D638-3020-4A9F-A04B-AF686C7E2B62}"
EndProject
Project("{2150E333-8FDC-42A3-9474-1A3956D46DE8}") = "CI", "CI", "{3704CA35-A411-40DA-BC45-2DB82C734467}"
ProjectSection(SolutionItems) = preProject
	.travis.yml = .travis.yml
	heroku.yml = heroku.yml
EndProjectSection
EndProject
Project("{2150E333-8FDC-42A3-9474-1A3956D46DE8}") = "Docker", "Docker", "{4DC00626-B000-46CB-B8D9-8C6775C81C29}"
ProjectSection(SolutionItems) = preProject
	Dockerfile = Dockerfile
	.dockerignore = .dockerignore
EndProjectSection
EndProject
Project("{FAE04EC0-301F-11D3-BF4B-00C04F79EFBC}") = "Divstack.Company.Estimation.Tool.Bootstrapper", "Src\Bootstrapper\Divstack.Company.Estimation.Tool.Bootstrapper\Divstack.Company.Estimation.Tool.Bootstrapper.csproj", "{786148B8-DD6A-43CD-93F2-E64629325B66}"
EndProject
Project("{FAE04EC0-301F-11D3-BF4B-00C04F79EFBC}") = "Divstack.Company.Estimation.Tool.Carts.Api", "Src\Modules\Carts\Divstack.Company.Estimation.Tool.Carts.Api\Divstack.Company.Estimation.Tool.Carts.Api.csproj", "{620D6D76-4C0B-4534-B8FC-7AE2D45EF60B}"
EndProject
Project("{FAE04EC0-301F-11D3-BF4B-00C04F79EFBC}") = "Divstack.Company.Estimation.Tool.Carts.Application", "Src\Modules\Carts\Divstack.Company.Estimation.Tool.Carts.Application\Divstack.Company.Estimation.Tool.Carts.Application.csproj", "{5A054DAD-4B66-4D80-AA07-FE61B9E9A93B}"
EndProject
Project("{FAE04EC0-301F-11D3-BF4B-00C04F79EFBC}") = "Divstack.Company.Estimation.Tool.Carts.Domain", "Src\Modules\Carts\Divstack.Company.Estimation.Tool.Carts.Domain\Divstack.Company.Estimation.Tool.Carts.Domain.csproj", "{4DD01758-2ABF-49C2-81DD-B148FEC298D5}"
EndProject
Project("{FAE04EC0-301F-11D3-BF4B-00C04F79EFBC}") = "Divstack.Company.Estimation.Tool.Carts.Infrastructure", "Src\Modules\Carts\Divstack.Company.Estimation.Tool.Carts.Infrastructure\Divstack.Company.Estimation.Tool.Carts.Infrastructure.csproj", "{1EE28BD4-AD9E-4521-BF87-89EBC3891CA9}"
EndProject
Project("{FAE04EC0-301F-11D3-BF4B-00C04F79EFBC}") = "Divstack.Company.Estimation.Tool.Carts.Persistance", "Src\Modules\Carts\Divstack.Company.Estimation.Tool.Carts.Persistance\Divstack.Company.Estimation.Tool.Carts.Persistance.csproj", "{F523334F-C174-427F-8318-468895EAE488}"
EndProject
Project("{FAE04EC0-301F-11D3-BF4B-00C04F79EFBC}") = "Divstack.Company.Estimation.Tool.Emails", "Src\Modules\Emails\Divstack.Company.Estimation.Tool.Emails\Divstack.Company.Estimation.Tool.Emails.csproj", "{BA032054-88BB-4F81-B127-3701FDCD9C71}"
EndProject
Project("{FAE04EC0-301F-11D3-BF4B-00C04F79EFBC}") = "Divstack.Company.Estimation.Tool.Emails.Core", "Src\Modules\Emails\Divstack.Company.Estimation.Tool.Emails.Core\Divstack.Company.Estimation.Tool.Emails.Core.csproj", "{178B2507-259B-4DD7-86B8-FC0B43A493C8}"
EndProject
Project("{FAE04EC0-301F-11D3-BF4B-00C04F79EFBC}") = "Divstack.Company.Estimation.Tool.Emails.Users", "Src\Modules\Emails\Divstack.Company.Estimation.Tool.Emails.Users\Divstack.Company.Estimation.Tool.Emails.Users.csproj", "{498AA073-31BC-4A0E-8E57-19E0FA4D2E66}"
EndProject
Project("{FAE04EC0-301F-11D3-BF4B-00C04F79EFBC}") = "Divstack.Company.Estimation.Tool.Emails.Valuations", "Src\Modules\Emails\Divstack.Company.Estimation.Tool.Emails.Valuations\Divstack.Company.Estimation.Tool.Emails.Valuations.csproj", "{C1A8F0DF-2B3B-4350-97F3-910ACEE25FA4}"
EndProject
Project("{FAE04EC0-301F-11D3-BF4B-00C04F79EFBC}") = "Divstack.Company.Estimation.Tool.Orders.Domain", "Src\Modules\Orders\Divstack.Company.Estimation.Tool.Orders.Domain\Divstack.Company.Estimation.Tool.Orders.Domain.csproj", "{FDA54C79-4CA2-4ABE-A650-A75B95124481}"
EndProject
Project("{FAE04EC0-301F-11D3-BF4B-00C04F79EFBC}") = "Divstack.Company.Estimation.Tool.Services.Api", "Src\Modules\Services\Divstack.Company.Estimation.Tool.Services.Api\Divstack.Company.Estimation.Tool.Services.Api.csproj", "{DBB9D8BF-3856-4BBB-8468-B7FE7C00CC08}"
EndProject
Project("{FAE04EC0-301F-11D3-BF4B-00C04F79EFBC}") = "Divstack.Company.Estimation.Tool.Services.Core", "Src\Modules\Services\Divstack.Company.Estimation.Tool.Services.Core\Divstack.Company.Estimation.Tool.Services.Core.csproj", "{70B7EE07-F0B6-4617-823C-1F96524CCD98}"
EndProject
Project("{FAE04EC0-301F-11D3-BF4B-00C04F79EFBC}") = "Divstack.Company.Estimation.Tool.Services.DAL", "Src\Modules\Services\Divstack.Company.Estimation.Tool.Services.DAL\Divstack.Company.Estimation.Tool.Services.DAL.csproj", "{FAEDB2D0-2593-43B1-954B-4BBD9AA925E4}"
EndProject
Project("{FAE04EC0-301F-11D3-BF4B-00C04F79EFBC}") = "Divstack.Company.Estimation.Tool.Users.Api", "Src\Modules\Users\Divstack.Company.Estimation.Tool.Users.Api\Divstack.Company.Estimation.Tool.Users.Api.csproj", "{988EEAB5-856B-43AE-A409-C88F7DDCDE21}"
EndProject
Project("{FAE04EC0-301F-11D3-BF4B-00C04F79EFBC}") = "Divstack.Company.Estimation.Tool.Users.Application", "Src\Modules\Users\Divstack.Company.Estimation.Tool.Users.Application\Divstack.Company.Estimation.Tool.Users.Application.csproj", "{7F525863-DFA5-4575-860F-F98A0D0FDD48}"
EndProject
Project("{FAE04EC0-301F-11D3-BF4B-00C04F79EFBC}") = "Divstack.Company.Estimation.Tool.Users.Domain", "Src\Modules\Users\Divstack.Company.Estimation.Tool.Users.Domain\Divstack.Company.Estimation.Tool.Users.Domain.csproj", "{1D4B6C86-E0DB-4099-A5C8-DEE2F7CACB99}"
EndProject
Project("{FAE04EC0-301F-11D3-BF4B-00C04F79EFBC}") = "Divstack.Company.Estimation.Tool.Users.Infrastructure", "Src\Modules\Users\Divstack.Company.Estimation.Tool.Users.Infrastructure\Divstack.Company.Estimation.Tool.Users.Infrastructure.csproj", "{7FD080D5-8C4F-41CF-BF74-3BBB39D034C0}"
EndProject
Project("{FAE04EC0-301F-11D3-BF4B-00C04F79EFBC}") = "Divstack.Company.Estimation.Tool.Users.Persistance", "Src\Modules\Users\Divstack.Company.Estimation.Tool.Users.Persistance\Divstack.Company.Estimation.Tool.Users.Persistance.csproj", "{314B9523-6C8E-47BC-8BD7-807EA37563CC}"
EndProject
Project("{FAE04EC0-301F-11D3-BF4B-00C04F79EFBC}") = "Divstack.Company.Estimation.Tool.Valuations.Api", "Src\Modules\Valuations\Divstack.Company.Estimation.Tool.Valuations.Api\Divstack.Company.Estimation.Tool.Valuations.Api.csproj", "{0F585520-4543-49DF-99A4-4AD72109AE6E}"
EndProject
Project("{FAE04EC0-301F-11D3-BF4B-00C04F79EFBC}") = "Divstack.Company.Estimation.Tool.Valuations.Application", "Src\Modules\Valuations\Divstack.Company.Estimation.Tool.Valuations.Application\Divstack.Company.Estimation.Tool.Valuations.Application.csproj", "{8633DFF2-FE05-4E9B-BBC6-F294EE7489F1}"
EndProject
Project("{FAE04EC0-301F-11D3-BF4B-00C04F79EFBC}") = "Divstack.Company.Estimation.Tool.Valuations.Domain", "Src\Modules\Valuations\Divstack.Company.Estimation.Tool.Valuations.Domain\Divstack.Company.Estimation.Tool.Valuations.Domain.csproj", "{B4D1CB41-61AD-40BF-B0A9-2C4C20E5B810}"
EndProject
Project("{FAE04EC0-301F-11D3-BF4B-00C04F79EFBC}") = "Divstack.Company.Estimation.Tool.Valuations.Infrastructure", "Src\Modules\Valuations\Divstack.Company.Estimation.Tool.Valuations.Infrastructure\Divstack.Company.Estimation.Tool.Valuations.Infrastructure.csproj", "{7B4CFF04-48C2-451C-B1AA-D1BC792B7BBD}"
EndProject
Project("{FAE04EC0-301F-11D3-BF4B-00C04F79EFBC}") = "Divstack.Company.Estimation.Tool.Valuations.Persistance", "Src\Modules\Valuations\Divstack.Company.Estimation.Tool.Valuations.Persistance\Divstack.Company.Estimation.Tool.Valuations.Persistance.csproj", "{FBC8F662-506F-423E-B404-061BF876D2FF}"
EndProject
Project("{FAE04EC0-301F-11D3-BF4B-00C04F79EFBC}") = "Divstack.Company.Estimation.Tool.Valuations.Domain.Tests", "Src\Modules\Valuations\Divstack.Company.Estimation.Tool.Valuations.Domain.Tests\Divstack.Company.Estimation.Tool.Valuations.Domain.Tests.csproj", "{DAB1C2F9-AAB7-4E19-A860-969C22E2D114}"
EndProject
Project("{FAE04EC0-301F-11D3-BF4B-00C04F79EFBC}") = "Divstack.Company.Estimation.Tool.Shared.DDD.BuildingBlocks", "Src\Shared\Divstack.Company.Estimation.Tool.Shared.DDD.BuildingBlocks\Divstack.Company.Estimation.Tool.Shared.DDD.BuildingBlocks.csproj", "{F5BD1896-7B67-4B29-A164-C28636AB7E6D}"
EndProject
Project("{FAE04EC0-301F-11D3-BF4B-00C04F79EFBC}") = "Divstack.Company.Estimation.Tool.Shared.DDD.ValueObjects", "Src\Shared\Divstack.Company.Estimation.Tool.Shared.DDD.ValueObjects\Divstack.Company.Estimation.Tool.Shared.DDD.ValueObjects.csproj", "{02771AB1-3140-49CC-9374-75F54421316B}"
EndProject
Project("{FAE04EC0-301F-11D3-BF4B-00C04F79EFBC}") = "Divstack.Company.Estimation.Tool.Shared.Infrastructure.Mysql", "Src\Shared\Divstack.Company.Estimation.Tool.Shared.Infrastructure.Mysql\Divstack.Company.Estimation.Tool.Shared.Infrastructure.Mysql.csproj", "{5744289E-1178-4C30-BFE0-370F5395EBC5}"
EndProject
Project("{FAE04EC0-301F-11D3-BF4B-00C04F79EFBC}") = "Divstack.Company.Estimation.Tool.Shared.Infrastructure", "Src\Shared\Divstack.Company.Estimation.Tool.Shared.Infrastructure\Divstack.Company.Estimation.Tool.Shared.Infrastructure.csproj", "{563E2A6D-C82E-42BE-B27D-97B99A853146}"
EndProject
Project("{FAE04EC0-301F-11D3-BF4B-00C04F79EFBC}") = "Divstack.Company.Estimation.Tool.Shared.Abstractions", "Src\Shared\Abstractions\Divstack.Company.Estimation.Tool.Shared.Abstractions\Divstack.Company.Estimation.Tool.Shared.Abstractions.csproj", "{67D187B5-EFFE-4550-AED3-E78055EC0601}"
EndProject
Project("{FAE04EC0-301F-11D3-BF4B-00C04F79EFBC}") = "Divstack.Company.Estimation.Tool.Docs.Architecture.C4", "Documentation\C4\Divstack.Company.Estimation.Tool.Docs.Architecture.C4\Divstack.Company.Estimation.Tool.Docs.Architecture.C4.csproj", "{30FF999C-F038-4776-AFBB-4BA234C490DB}"
EndProject
Project("{FAE04EC0-301F-11D3-BF4B-00C04F79EFBC}") = "Divstack.Company.Estimation.Tool.Valuations.Infrastructure.Trello", "Src\Modules\Valuations\Divstack.Company.Estimation.Tool.Valuations.Infrastructure.Trello\Divstack.Company.Estimation.Tool.Valuations.Infrastructure.Trello.csproj", "{C252470B-AEFF-439A-A333-AD8E75C94668}"
EndProject
Project("{2150E333-8FDC-42A3-9474-1A3956D46DE8}") = "Reminders", "Reminders", "{D88D1A4A-D511-4BF6-B813-097A5C68ED0C}"
EndProject
Project("{FAE04EC0-301F-11D3-BF4B-00C04F79EFBC}") = "Divstack.Company.Estimation.Tool.Reminders.Valuations", "Src\Modules\Reminders\Divstack.Company.Estimation.Tool.Reminders.Valuations\Divstack.Company.Estimation.Tool.Reminders.Valuations.csproj", "{3264FE92-66A7-491B-984E-1013808D8A7F}"
EndProject
Project("{FAE04EC0-301F-11D3-BF4B-00C04F79EFBC}") = "Divstack.Company.Estimation.Tool.Reminders", "Src\Modules\Reminders\Divstack.Company.Estimation.Tool.Reminders\Divstack.Company.Estimation.Tool.Reminders.csproj", "{EF5F3C6A-0EA2-4D4A-AFB3-A0EC68C7F8C8}"
EndProject
Project("{FAE04EC0-301F-11D3-BF4B-00C04F79EFBC}") = "Divstack.Company.Estimation.Tool.Valuations.Application.IntegrationTests", "Src\Modules\Valuations\Divstack.Company.Estimation.Tool.Valuations.Application.IntegrationTests\Divstack.Company.Estimation.Tool.Valuations.Application.IntegrationTests.csproj", "{4119DB08-0395-435D-95FE-CA6A1D88C6A3}"
EndProject
Global
	GlobalSection(SolutionConfigurationPlatforms) = preSolution
		Debug|Any CPU = Debug|Any CPU
		Release|Any CPU = Release|Any CPU
	EndGlobalSection
	GlobalSection(ProjectConfigurationPlatforms) = postSolution
		{786148B8-DD6A-43CD-93F2-E64629325B66}.Debug|Any CPU.ActiveCfg = Debug|Any CPU
		{786148B8-DD6A-43CD-93F2-E64629325B66}.Debug|Any CPU.Build.0 = Debug|Any CPU
		{786148B8-DD6A-43CD-93F2-E64629325B66}.Release|Any CPU.ActiveCfg = Release|Any CPU
		{786148B8-DD6A-43CD-93F2-E64629325B66}.Release|Any CPU.Build.0 = Release|Any CPU
		{620D6D76-4C0B-4534-B8FC-7AE2D45EF60B}.Debug|Any CPU.ActiveCfg = Debug|Any CPU
		{620D6D76-4C0B-4534-B8FC-7AE2D45EF60B}.Debug|Any CPU.Build.0 = Debug|Any CPU
		{620D6D76-4C0B-4534-B8FC-7AE2D45EF60B}.Release|Any CPU.ActiveCfg = Release|Any CPU
		{620D6D76-4C0B-4534-B8FC-7AE2D45EF60B}.Release|Any CPU.Build.0 = Release|Any CPU
		{5A054DAD-4B66-4D80-AA07-FE61B9E9A93B}.Debug|Any CPU.ActiveCfg = Debug|Any CPU
		{5A054DAD-4B66-4D80-AA07-FE61B9E9A93B}.Debug|Any CPU.Build.0 = Debug|Any CPU
		{5A054DAD-4B66-4D80-AA07-FE61B9E9A93B}.Release|Any CPU.ActiveCfg = Release|Any CPU
		{5A054DAD-4B66-4D80-AA07-FE61B9E9A93B}.Release|Any CPU.Build.0 = Release|Any CPU
		{4DD01758-2ABF-49C2-81DD-B148FEC298D5}.Debug|Any CPU.ActiveCfg = Debug|Any CPU
		{4DD01758-2ABF-49C2-81DD-B148FEC298D5}.Debug|Any CPU.Build.0 = Debug|Any CPU
		{4DD01758-2ABF-49C2-81DD-B148FEC298D5}.Release|Any CPU.ActiveCfg = Release|Any CPU
		{4DD01758-2ABF-49C2-81DD-B148FEC298D5}.Release|Any CPU.Build.0 = Release|Any CPU
		{1EE28BD4-AD9E-4521-BF87-89EBC3891CA9}.Debug|Any CPU.ActiveCfg = Debug|Any CPU
		{1EE28BD4-AD9E-4521-BF87-89EBC3891CA9}.Debug|Any CPU.Build.0 = Debug|Any CPU
		{1EE28BD4-AD9E-4521-BF87-89EBC3891CA9}.Release|Any CPU.ActiveCfg = Release|Any CPU
		{1EE28BD4-AD9E-4521-BF87-89EBC3891CA9}.Release|Any CPU.Build.0 = Release|Any CPU
		{F523334F-C174-427F-8318-468895EAE488}.Debug|Any CPU.ActiveCfg = Debug|Any CPU
		{F523334F-C174-427F-8318-468895EAE488}.Debug|Any CPU.Build.0 = Debug|Any CPU
		{F523334F-C174-427F-8318-468895EAE488}.Release|Any CPU.ActiveCfg = Release|Any CPU
		{F523334F-C174-427F-8318-468895EAE488}.Release|Any CPU.Build.0 = Release|Any CPU
		{BA032054-88BB-4F81-B127-3701FDCD9C71}.Debug|Any CPU.ActiveCfg = Debug|Any CPU
		{BA032054-88BB-4F81-B127-3701FDCD9C71}.Debug|Any CPU.Build.0 = Debug|Any CPU
		{BA032054-88BB-4F81-B127-3701FDCD9C71}.Release|Any CPU.ActiveCfg = Release|Any CPU
		{BA032054-88BB-4F81-B127-3701FDCD9C71}.Release|Any CPU.Build.0 = Release|Any CPU
		{178B2507-259B-4DD7-86B8-FC0B43A493C8}.Debug|Any CPU.ActiveCfg = Debug|Any CPU
		{178B2507-259B-4DD7-86B8-FC0B43A493C8}.Debug|Any CPU.Build.0 = Debug|Any CPU
		{178B2507-259B-4DD7-86B8-FC0B43A493C8}.Release|Any CPU.ActiveCfg = Release|Any CPU
		{178B2507-259B-4DD7-86B8-FC0B43A493C8}.Release|Any CPU.Build.0 = Release|Any CPU
		{498AA073-31BC-4A0E-8E57-19E0FA4D2E66}.Debug|Any CPU.ActiveCfg = Debug|Any CPU
		{498AA073-31BC-4A0E-8E57-19E0FA4D2E66}.Debug|Any CPU.Build.0 = Debug|Any CPU
		{498AA073-31BC-4A0E-8E57-19E0FA4D2E66}.Release|Any CPU.ActiveCfg = Release|Any CPU
		{498AA073-31BC-4A0E-8E57-19E0FA4D2E66}.Release|Any CPU.Build.0 = Release|Any CPU
		{C1A8F0DF-2B3B-4350-97F3-910ACEE25FA4}.Debug|Any CPU.ActiveCfg = Debug|Any CPU
		{C1A8F0DF-2B3B-4350-97F3-910ACEE25FA4}.Debug|Any CPU.Build.0 = Debug|Any CPU
		{C1A8F0DF-2B3B-4350-97F3-910ACEE25FA4}.Release|Any CPU.ActiveCfg = Release|Any CPU
		{C1A8F0DF-2B3B-4350-97F3-910ACEE25FA4}.Release|Any CPU.Build.0 = Release|Any CPU
		{FDA54C79-4CA2-4ABE-A650-A75B95124481}.Debug|Any CPU.ActiveCfg = Debug|Any CPU
		{FDA54C79-4CA2-4ABE-A650-A75B95124481}.Debug|Any CPU.Build.0 = Debug|Any CPU
		{FDA54C79-4CA2-4ABE-A650-A75B95124481}.Release|Any CPU.ActiveCfg = Release|Any CPU
		{FDA54C79-4CA2-4ABE-A650-A75B95124481}.Release|Any CPU.Build.0 = Release|Any CPU
		{DBB9D8BF-3856-4BBB-8468-B7FE7C00CC08}.Debug|Any CPU.ActiveCfg = Debug|Any CPU
		{DBB9D8BF-3856-4BBB-8468-B7FE7C00CC08}.Debug|Any CPU.Build.0 = Debug|Any CPU
		{DBB9D8BF-3856-4BBB-8468-B7FE7C00CC08}.Release|Any CPU.ActiveCfg = Release|Any CPU
		{DBB9D8BF-3856-4BBB-8468-B7FE7C00CC08}.Release|Any CPU.Build.0 = Release|Any CPU
		{70B7EE07-F0B6-4617-823C-1F96524CCD98}.Debug|Any CPU.ActiveCfg = Debug|Any CPU
		{70B7EE07-F0B6-4617-823C-1F96524CCD98}.Debug|Any CPU.Build.0 = Debug|Any CPU
		{70B7EE07-F0B6-4617-823C-1F96524CCD98}.Release|Any CPU.ActiveCfg = Release|Any CPU
		{70B7EE07-F0B6-4617-823C-1F96524CCD98}.Release|Any CPU.Build.0 = Release|Any CPU
		{FAEDB2D0-2593-43B1-954B-4BBD9AA925E4}.Debug|Any CPU.ActiveCfg = Debug|Any CPU
		{FAEDB2D0-2593-43B1-954B-4BBD9AA925E4}.Debug|Any CPU.Build.0 = Debug|Any CPU
		{FAEDB2D0-2593-43B1-954B-4BBD9AA925E4}.Release|Any CPU.ActiveCfg = Release|Any CPU
		{FAEDB2D0-2593-43B1-954B-4BBD9AA925E4}.Release|Any CPU.Build.0 = Release|Any CPU
		{988EEAB5-856B-43AE-A409-C88F7DDCDE21}.Debug|Any CPU.ActiveCfg = Debug|Any CPU
		{988EEAB5-856B-43AE-A409-C88F7DDCDE21}.Debug|Any CPU.Build.0 = Debug|Any CPU
		{988EEAB5-856B-43AE-A409-C88F7DDCDE21}.Release|Any CPU.ActiveCfg = Release|Any CPU
		{988EEAB5-856B-43AE-A409-C88F7DDCDE21}.Release|Any CPU.Build.0 = Release|Any CPU
		{7F525863-DFA5-4575-860F-F98A0D0FDD48}.Debug|Any CPU.ActiveCfg = Debug|Any CPU
		{7F525863-DFA5-4575-860F-F98A0D0FDD48}.Debug|Any CPU.Build.0 = Debug|Any CPU
		{7F525863-DFA5-4575-860F-F98A0D0FDD48}.Release|Any CPU.ActiveCfg = Release|Any CPU
		{7F525863-DFA5-4575-860F-F98A0D0FDD48}.Release|Any CPU.Build.0 = Release|Any CPU
		{1D4B6C86-E0DB-4099-A5C8-DEE2F7CACB99}.Debug|Any CPU.ActiveCfg = Debug|Any CPU
		{1D4B6C86-E0DB-4099-A5C8-DEE2F7CACB99}.Debug|Any CPU.Build.0 = Debug|Any CPU
		{1D4B6C86-E0DB-4099-A5C8-DEE2F7CACB99}.Release|Any CPU.ActiveCfg = Release|Any CPU
		{1D4B6C86-E0DB-4099-A5C8-DEE2F7CACB99}.Release|Any CPU.Build.0 = Release|Any CPU
		{7FD080D5-8C4F-41CF-BF74-3BBB39D034C0}.Debug|Any CPU.ActiveCfg = Debug|Any CPU
		{7FD080D5-8C4F-41CF-BF74-3BBB39D034C0}.Debug|Any CPU.Build.0 = Debug|Any CPU
		{7FD080D5-8C4F-41CF-BF74-3BBB39D034C0}.Release|Any CPU.ActiveCfg = Release|Any CPU
		{7FD080D5-8C4F-41CF-BF74-3BBB39D034C0}.Release|Any CPU.Build.0 = Release|Any CPU
		{314B9523-6C8E-47BC-8BD7-807EA37563CC}.Debug|Any CPU.ActiveCfg = Debug|Any CPU
		{314B9523-6C8E-47BC-8BD7-807EA37563CC}.Debug|Any CPU.Build.0 = Debug|Any CPU
		{314B9523-6C8E-47BC-8BD7-807EA37563CC}.Release|Any CPU.ActiveCfg = Release|Any CPU
		{314B9523-6C8E-47BC-8BD7-807EA37563CC}.Release|Any CPU.Build.0 = Release|Any CPU
		{0F585520-4543-49DF-99A4-4AD72109AE6E}.Debug|Any CPU.ActiveCfg = Debug|Any CPU
		{0F585520-4543-49DF-99A4-4AD72109AE6E}.Debug|Any CPU.Build.0 = Debug|Any CPU
		{0F585520-4543-49DF-99A4-4AD72109AE6E}.Release|Any CPU.ActiveCfg = Release|Any CPU
		{0F585520-4543-49DF-99A4-4AD72109AE6E}.Release|Any CPU.Build.0 = Release|Any CPU
		{8633DFF2-FE05-4E9B-BBC6-F294EE7489F1}.Debug|Any CPU.ActiveCfg = Debug|Any CPU
		{8633DFF2-FE05-4E9B-BBC6-F294EE7489F1}.Debug|Any CPU.Build.0 = Debug|Any CPU
		{8633DFF2-FE05-4E9B-BBC6-F294EE7489F1}.Release|Any CPU.ActiveCfg = Release|Any CPU
		{8633DFF2-FE05-4E9B-BBC6-F294EE7489F1}.Release|Any CPU.Build.0 = Release|Any CPU
		{B4D1CB41-61AD-40BF-B0A9-2C4C20E5B810}.Debug|Any CPU.ActiveCfg = Debug|Any CPU
		{B4D1CB41-61AD-40BF-B0A9-2C4C20E5B810}.Debug|Any CPU.Build.0 = Debug|Any CPU
		{B4D1CB41-61AD-40BF-B0A9-2C4C20E5B810}.Release|Any CPU.ActiveCfg = Release|Any CPU
		{B4D1CB41-61AD-40BF-B0A9-2C4C20E5B810}.Release|Any CPU.Build.0 = Release|Any CPU
		{7B4CFF04-48C2-451C-B1AA-D1BC792B7BBD}.Debug|Any CPU.ActiveCfg = Debug|Any CPU
		{7B4CFF04-48C2-451C-B1AA-D1BC792B7BBD}.Debug|Any CPU.Build.0 = Debug|Any CPU
		{7B4CFF04-48C2-451C-B1AA-D1BC792B7BBD}.Release|Any CPU.ActiveCfg = Release|Any CPU
		{7B4CFF04-48C2-451C-B1AA-D1BC792B7BBD}.Release|Any CPU.Build.0 = Release|Any CPU
		{FBC8F662-506F-423E-B404-061BF876D2FF}.Debug|Any CPU.ActiveCfg = Debug|Any CPU
		{FBC8F662-506F-423E-B404-061BF876D2FF}.Debug|Any CPU.Build.0 = Debug|Any CPU
		{FBC8F662-506F-423E-B404-061BF876D2FF}.Release|Any CPU.ActiveCfg = Release|Any CPU
		{FBC8F662-506F-423E-B404-061BF876D2FF}.Release|Any CPU.Build.0 = Release|Any CPU
		{DAB1C2F9-AAB7-4E19-A860-969C22E2D114}.Debug|Any CPU.ActiveCfg = Debug|Any CPU
		{DAB1C2F9-AAB7-4E19-A860-969C22E2D114}.Debug|Any CPU.Build.0 = Debug|Any CPU
		{DAB1C2F9-AAB7-4E19-A860-969C22E2D114}.Release|Any CPU.ActiveCfg = Release|Any CPU
		{DAB1C2F9-AAB7-4E19-A860-969C22E2D114}.Release|Any CPU.Build.0 = Release|Any CPU
		{F5BD1896-7B67-4B29-A164-C28636AB7E6D}.Debug|Any CPU.ActiveCfg = Debug|Any CPU
		{F5BD1896-7B67-4B29-A164-C28636AB7E6D}.Debug|Any CPU.Build.0 = Debug|Any CPU
		{F5BD1896-7B67-4B29-A164-C28636AB7E6D}.Release|Any CPU.ActiveCfg = Release|Any CPU
		{F5BD1896-7B67-4B29-A164-C28636AB7E6D}.Release|Any CPU.Build.0 = Release|Any CPU
		{02771AB1-3140-49CC-9374-75F54421316B}.Debug|Any CPU.ActiveCfg = Debug|Any CPU
		{02771AB1-3140-49CC-9374-75F54421316B}.Debug|Any CPU.Build.0 = Debug|Any CPU
		{02771AB1-3140-49CC-9374-75F54421316B}.Release|Any CPU.ActiveCfg = Release|Any CPU
		{02771AB1-3140-49CC-9374-75F54421316B}.Release|Any CPU.Build.0 = Release|Any CPU
		{5744289E-1178-4C30-BFE0-370F5395EBC5}.Debug|Any CPU.ActiveCfg = Debug|Any CPU
		{5744289E-1178-4C30-BFE0-370F5395EBC5}.Debug|Any CPU.Build.0 = Debug|Any CPU
		{5744289E-1178-4C30-BFE0-370F5395EBC5}.Release|Any CPU.ActiveCfg = Release|Any CPU
		{5744289E-1178-4C30-BFE0-370F5395EBC5}.Release|Any CPU.Build.0 = Release|Any CPU
		{563E2A6D-C82E-42BE-B27D-97B99A853146}.Debug|Any CPU.ActiveCfg = Debug|Any CPU
		{563E2A6D-C82E-42BE-B27D-97B99A853146}.Debug|Any CPU.Build.0 = Debug|Any CPU
		{563E2A6D-C82E-42BE-B27D-97B99A853146}.Release|Any CPU.ActiveCfg = Release|Any CPU
		{563E2A6D-C82E-42BE-B27D-97B99A853146}.Release|Any CPU.Build.0 = Release|Any CPU
		{67D187B5-EFFE-4550-AED3-E78055EC0601}.Debug|Any CPU.ActiveCfg = Debug|Any CPU
		{67D187B5-EFFE-4550-AED3-E78055EC0601}.Debug|Any CPU.Build.0 = Debug|Any CPU
		{67D187B5-EFFE-4550-AED3-E78055EC0601}.Release|Any CPU.ActiveCfg = Release|Any CPU
		{67D187B5-EFFE-4550-AED3-E78055EC0601}.Release|Any CPU.Build.0 = Release|Any CPU
		{30FF999C-F038-4776-AFBB-4BA234C490DB}.Debug|Any CPU.ActiveCfg = Debug|Any CPU
		{30FF999C-F038-4776-AFBB-4BA234C490DB}.Debug|Any CPU.Build.0 = Debug|Any CPU
		{30FF999C-F038-4776-AFBB-4BA234C490DB}.Release|Any CPU.ActiveCfg = Release|Any CPU
		{30FF999C-F038-4776-AFBB-4BA234C490DB}.Release|Any CPU.Build.0 = Release|Any CPU
		{C252470B-AEFF-439A-A333-AD8E75C94668}.Debug|Any CPU.ActiveCfg = Debug|Any CPU
		{C252470B-AEFF-439A-A333-AD8E75C94668}.Debug|Any CPU.Build.0 = Debug|Any CPU
		{C252470B-AEFF-439A-A333-AD8E75C94668}.Release|Any CPU.ActiveCfg = Release|Any CPU
		{C252470B-AEFF-439A-A333-AD8E75C94668}.Release|Any CPU.Build.0 = Release|Any CPU
		{3264FE92-66A7-491B-984E-1013808D8A7F}.Debug|Any CPU.ActiveCfg = Debug|Any CPU
		{3264FE92-66A7-491B-984E-1013808D8A7F}.Debug|Any CPU.Build.0 = Debug|Any CPU
		{3264FE92-66A7-491B-984E-1013808D8A7F}.Release|Any CPU.ActiveCfg = Release|Any CPU
		{3264FE92-66A7-491B-984E-1013808D8A7F}.Release|Any CPU.Build.0 = Release|Any CPU
		{EF5F3C6A-0EA2-4D4A-AFB3-A0EC68C7F8C8}.Debug|Any CPU.ActiveCfg = Debug|Any CPU
		{EF5F3C6A-0EA2-4D4A-AFB3-A0EC68C7F8C8}.Debug|Any CPU.Build.0 = Debug|Any CPU
		{EF5F3C6A-0EA2-4D4A-AFB3-A0EC68C7F8C8}.Release|Any CPU.ActiveCfg = Release|Any CPU
		{EF5F3C6A-0EA2-4D4A-AFB3-A0EC68C7F8C8}.Release|Any CPU.Build.0 = Release|Any CPU
		{4119DB08-0395-435D-95FE-CA6A1D88C6A3}.Debug|Any CPU.ActiveCfg = Debug|Any CPU
		{4119DB08-0395-435D-95FE-CA6A1D88C6A3}.Debug|Any CPU.Build.0 = Debug|Any CPU
		{4119DB08-0395-435D-95FE-CA6A1D88C6A3}.Release|Any CPU.ActiveCfg = Release|Any CPU
		{4119DB08-0395-435D-95FE-CA6A1D88C6A3}.Release|Any CPU.Build.0 = Release|Any CPU
	EndGlobalSection
	GlobalSection(NestedProjects) = preSolution
		{33A58F3D-3DCB-4EBF-AE36-199E3B12A1D6} = {0FF07E46-4BE6-4B71-A160-7A188AB1F119}
		{BFEFB882-5EBB-4CE6-9F02-869B10C5B2A3} = {0FF07E46-4BE6-4B71-A160-7A188AB1F119}
		{418201BB-3F1F-414E-A468-603C8A764B4C} = {BFEFB882-5EBB-4CE6-9F02-869B10C5B2A3}
		{53037BE2-91B0-486F-A113-17F0D956F32F} = {0FF07E46-4BE6-4B71-A160-7A188AB1F119}
		{B8332C62-C172-42C2-81CB-0B020ECA5E24} = {53037BE2-91B0-486F-A113-17F0D956F32F}
		{E9130234-D9E0-43C0-A91A-DC135F7DEF3D} = {53037BE2-91B0-486F-A113-17F0D956F32F}
		{3CC204EA-5654-4B42-9863-271E0A9099CB} = {BFEFB882-5EBB-4CE6-9F02-869B10C5B2A3}
		{9010E474-6B9C-4DF5-81F1-6D187837495E} = {53037BE2-91B0-486F-A113-17F0D956F32F}
		{CE927331-FFEE-4C0B-B073-5A15D4779AC3} = {BFEFB882-5EBB-4CE6-9F02-869B10C5B2A3}
		{11F86752-A7D7-4EBB-9C9E-4B893506EC17} = {2467FD81-5348-4E16-9744-501AA4AE3DF2}
		{5262984E-25B8-47CE-BE33-57E76F7EC3DD} = {11F86752-A7D7-4EBB-9C9E-4B893506EC17}
		{D8C07E63-3DAE-4497-9D41-D5E89C571357} = {BFEFB882-5EBB-4CE6-9F02-869B10C5B2A3}
		{4C4D5CB4-7F47-4BFB-9EC7-B08E7455A662} = {BFEFB882-5EBB-4CE6-9F02-869B10C5B2A3}
		{8B16304A-56C8-4225-BFA8-16967AA75836} = {BFEFB882-5EBB-4CE6-9F02-869B10C5B2A3}
		{6F31D638-3020-4A9F-A04B-AF686C7E2B62} = {D8C07E63-3DAE-4497-9D41-D5E89C571357}
		{786148B8-DD6A-43CD-93F2-E64629325B66} = {33A58F3D-3DCB-4EBF-AE36-199E3B12A1D6}
		{620D6D76-4C0B-4534-B8FC-7AE2D45EF60B} = {8B16304A-56C8-4225-BFA8-16967AA75836}
		{5A054DAD-4B66-4D80-AA07-FE61B9E9A93B} = {8B16304A-56C8-4225-BFA8-16967AA75836}
		{4DD01758-2ABF-49C2-81DD-B148FEC298D5} = {8B16304A-56C8-4225-BFA8-16967AA75836}
		{1EE28BD4-AD9E-4521-BF87-89EBC3891CA9} = {8B16304A-56C8-4225-BFA8-16967AA75836}
		{F523334F-C174-427F-8318-468895EAE488} = {8B16304A-56C8-4225-BFA8-16967AA75836}
		{BA032054-88BB-4F81-B127-3701FDCD9C71} = {3CC204EA-5654-4B42-9863-271E0A9099CB}
		{178B2507-259B-4DD7-86B8-FC0B43A493C8} = {3CC204EA-5654-4B42-9863-271E0A9099CB}
		{498AA073-31BC-4A0E-8E57-19E0FA4D2E66} = {3CC204EA-5654-4B42-9863-271E0A9099CB}
		{C1A8F0DF-2B3B-4350-97F3-910ACEE25FA4} = {3CC204EA-5654-4B42-9863-271E0A9099CB}
		{FDA54C79-4CA2-4ABE-A650-A75B95124481} = {4C4D5CB4-7F47-4BFB-9EC7-B08E7455A662}
		{DBB9D8BF-3856-4BBB-8468-B7FE7C00CC08} = {CE927331-FFEE-4C0B-B073-5A15D4779AC3}
		{70B7EE07-F0B6-4617-823C-1F96524CCD98} = {CE927331-FFEE-4C0B-B073-5A15D4779AC3}
		{FAEDB2D0-2593-43B1-954B-4BBD9AA925E4} = {CE927331-FFEE-4C0B-B073-5A15D4779AC3}
		{988EEAB5-856B-43AE-A409-C88F7DDCDE21} = {418201BB-3F1F-414E-A468-603C8A764B4C}
		{7F525863-DFA5-4575-860F-F98A0D0FDD48} = {418201BB-3F1F-414E-A468-603C8A764B4C}
		{1D4B6C86-E0DB-4099-A5C8-DEE2F7CACB99} = {418201BB-3F1F-414E-A468-603C8A764B4C}
		{7FD080D5-8C4F-41CF-BF74-3BBB39D034C0} = {418201BB-3F1F-414E-A468-603C8A764B4C}
		{314B9523-6C8E-47BC-8BD7-807EA37563CC} = {418201BB-3F1F-414E-A468-603C8A764B4C}
		{0F585520-4543-49DF-99A4-4AD72109AE6E} = {D8C07E63-3DAE-4497-9D41-D5E89C571357}
		{8633DFF2-FE05-4E9B-BBC6-F294EE7489F1} = {D8C07E63-3DAE-4497-9D41-D5E89C571357}
		{B4D1CB41-61AD-40BF-B0A9-2C4C20E5B810} = {D8C07E63-3DAE-4497-9D41-D5E89C571357}
		{7B4CFF04-48C2-451C-B1AA-D1BC792B7BBD} = {D8C07E63-3DAE-4497-9D41-D5E89C571357}
		{FBC8F662-506F-423E-B404-061BF876D2FF} = {D8C07E63-3DAE-4497-9D41-D5E89C571357}
		{DAB1C2F9-AAB7-4E19-A860-969C22E2D114} = {6F31D638-3020-4A9F-A04B-AF686C7E2B62}
		{F5BD1896-7B67-4B29-A164-C28636AB7E6D} = {B8332C62-C172-42C2-81CB-0B020ECA5E24}
		{02771AB1-3140-49CC-9374-75F54421316B} = {B8332C62-C172-42C2-81CB-0B020ECA5E24}
		{5744289E-1178-4C30-BFE0-370F5395EBC5} = {E9130234-D9E0-43C0-A91A-DC135F7DEF3D}
		{563E2A6D-C82E-42BE-B27D-97B99A853146} = {E9130234-D9E0-43C0-A91A-DC135F7DEF3D}
		{67D187B5-EFFE-4550-AED3-E78055EC0601} = {9010E474-6B9C-4DF5-81F1-6D187837495E}
		{30FF999C-F038-4776-AFBB-4BA234C490DB} = {5262984E-25B8-47CE-BE33-57E76F7EC3DD}
		{C252470B-AEFF-439A-A333-AD8E75C94668} = {D8C07E63-3DAE-4497-9D41-D5E89C571357}
		{D88D1A4A-D511-4BF6-B813-097A5C68ED0C} = {BFEFB882-5EBB-4CE6-9F02-869B10C5B2A3}
		{3264FE92-66A7-491B-984E-1013808D8A7F} = {D88D1A4A-D511-4BF6-B813-097A5C68ED0C}
		{EF5F3C6A-0EA2-4D4A-AFB3-A0EC68C7F8C8} = {D88D1A4A-D511-4BF6-B813-097A5C68ED0C}
		{4119DB08-0395-435D-95FE-CA6A1D88C6A3} = {6F31D638-3020-4A9F-A04B-AF686C7E2B62}
	EndGlobalSection
EndGlobal
